// !$*UTF8*$!
{
	archiveVersion = 1;
	classes = {
	};
	objectVersion = 55;
	objects = {

/* Begin PBXBuildFile section */
		670DB31F29AB95960082CD3A /* vtk.cpp in Sources */ = {isa = PBXBuildFile; fileRef = 670DB31D29AB95960082CD3A /* vtk.cpp */; };
		670DB32229AB95F00082CD3A /* Array3d.cpp in Sources */ = {isa = PBXBuildFile; fileRef = 670DB32029AB95F00082CD3A /* Array3d.cpp */; };
		670DB32529AB97750082CD3A /* particle.cpp in Sources */ = {isa = PBXBuildFile; fileRef = 670DB32329AB97750082CD3A /* particle.cpp */; };
		670DB32829AB98230082CD3A /* functions.cpp in Sources */ = {isa = PBXBuildFile; fileRef = 670DB32629AB98230082CD3A /* functions.cpp */; };
		670DB32B29AB9B2C0082CD3A /* watersurface.cpp in Sources */ = {isa = PBXBuildFile; fileRef = 670DB32929AB9B2C0082CD3A /* watersurface.cpp */; };
		670DB32E29AB9C870082CD3A /* Fluid.cpp in Sources */ = {isa = PBXBuildFile; fileRef = 670DB32C29AB9C870082CD3A /* Fluid.cpp */; };
		670DB33129AB9D740082CD3A /* Flip.cpp in Sources */ = {isa = PBXBuildFile; fileRef = 670DB32F29AB9D730082CD3A /* Flip.cpp */; };
		67ACCC35290E75F200747A24 /* main.cpp in Sources */ = {isa = PBXBuildFile; fileRef = 67ACCC34290E75F200747A24 /* main.cpp */; };
/* End PBXBuildFile section */

/* Begin PBXCopyFilesBuildPhase section */
		67ACCC2F290E75F200747A24 /* CopyFiles */ = {
			isa = PBXCopyFilesBuildPhase;
			buildActionMask = 2147483647;
			dstPath = /usr/share/man/man1/;
			dstSubfolderSpec = 0;
			files = (
			);
			runOnlyForDeploymentPostprocessing = 1;
		};
/* End PBXCopyFilesBuildPhase section */

/* Begin PBXFileReference section */
		670DB31D29AB95960082CD3A /* vtk.cpp */ = {isa = PBXFileReference; lastKnownFileType = sourcecode.cpp.cpp; path = vtk.cpp; sourceTree = "<group>"; };
		670DB31E29AB95960082CD3A /* vtk.hpp */ = {isa = PBXFileReference; lastKnownFileType = sourcecode.cpp.h; path = vtk.hpp; sourceTree = "<group>"; };
		670DB32029AB95F00082CD3A /* Array3d.cpp */ = {isa = PBXFileReference; lastKnownFileType = sourcecode.cpp.cpp; path = Array3d.cpp; sourceTree = "<group>"; };
		670DB32129AB95F00082CD3A /* Array3d.hpp */ = {isa = PBXFileReference; lastKnownFileType = sourcecode.cpp.h; path = Array3d.hpp; sourceTree = "<group>"; };
		670DB32329AB97750082CD3A /* particle.cpp */ = {isa = PBXFileReference; lastKnownFileType = sourcecode.cpp.cpp; path = particle.cpp; sourceTree = "<group>"; };
		670DB32429AB97750082CD3A /* particle.hpp */ = {isa = PBXFileReference; lastKnownFileType = sourcecode.cpp.h; path = particle.hpp; sourceTree = "<group>"; };
		670DB32629AB98230082CD3A /* functions.cpp */ = {isa = PBXFileReference; lastKnownFileType = sourcecode.cpp.cpp; path = functions.cpp; sourceTree = "<group>"; };
		670DB32729AB98230082CD3A /* functions.hpp */ = {isa = PBXFileReference; lastKnownFileType = sourcecode.cpp.h; path = functions.hpp; sourceTree = "<group>"; };
		670DB32929AB9B2C0082CD3A /* watersurface.cpp */ = {isa = PBXFileReference; lastKnownFileType = sourcecode.cpp.cpp; path = watersurface.cpp; sourceTree = "<group>"; };
		670DB32A29AB9B2C0082CD3A /* watersurface.hpp */ = {isa = PBXFileReference; lastKnownFileType = sourcecode.cpp.h; path = watersurface.hpp; sourceTree = "<group>"; };
		670DB32C29AB9C870082CD3A /* Fluid.cpp */ = {isa = PBXFileReference; lastKnownFileType = sourcecode.cpp.cpp; path = Fluid.cpp; sourceTree = "<group>"; };
		670DB32D29AB9C870082CD3A /* Fluid.hpp */ = {isa = PBXFileReference; lastKnownFileType = sourcecode.cpp.h; path = Fluid.hpp; sourceTree = "<group>"; };
		670DB32F29AB9D730082CD3A /* Flip.cpp */ = {isa = PBXFileReference; lastKnownFileType = sourcecode.cpp.cpp; path = Flip.cpp; sourceTree = "<group>"; };
		670DB33029AB9D730082CD3A /* Flip.hpp */ = {isa = PBXFileReference; lastKnownFileType = sourcecode.cpp.h; path = Flip.hpp; sourceTree = "<group>"; };
		672704ED29C19D6400917E77 /* marching_cubes.hpp */ = {isa = PBXFileReference; fileEncoding = 4; lastKnownFileType = sourcecode.cpp.h; name = marching_cubes.hpp; path = ../../../library/MyLib/marching_cubes.hpp; sourceTree = "<group>"; };
		67ACCC31290E75F200747A24 /* Mable */ = {isa = PBXFileReference; explicitFileType = "compiled.mach-o.executable"; includeInIndex = 0; path = Mable; sourceTree = BUILT_PRODUCTS_DIR; };
		67ACCC34290E75F200747A24 /* main.cpp */ = {isa = PBXFileReference; lastKnownFileType = sourcecode.cpp.cpp; path = main.cpp; sourceTree = "<group>"; };
		67C35CBD294E06B5006B57ED /* Hasher.h */ = {isa = PBXFileReference; fileEncoding = 4; lastKnownFileType = sourcecode.c.h; path = Hasher.h; sourceTree = "<group>"; };
		67D7496229727F1B0010E44E /* Bthesis_main.log */ = {isa = PBXFileReference; lastKnownFileType = text; path = Bthesis_main.log; sourceTree = "<group>"; };
		67D7496329727F1B0010E44E /* Bthesis_main.aux */ = {isa = PBXFileReference; lastKnownFileType = text; path = Bthesis_main.aux; sourceTree = "<group>"; };
		67D7496429727F1B0010E44E /* Bthesis_main.pdf */ = {isa = PBXFileReference; lastKnownFileType = image.pdf; path = Bthesis_main.pdf; sourceTree = "<group>"; };
		67D7496529727F1B0010E44E /* Bthesis_main.synctex.gz */ = {isa = PBXFileReference; lastKnownFileType = archive.gzip; path = Bthesis_main.synctex.gz; sourceTree = "<group>"; };
		67D7496829727F1B0010E44E /* Bthesis_main.tex */ = {isa = PBXFileReference; lastKnownFileType = text; path = Bthesis_main.tex; sourceTree = "<group>"; };
		67D7496929727F1B0010E44E /* Bthesis_main.toc */ = {isa = PBXFileReference; lastKnownFileType = text; path = Bthesis_main.toc; sourceTree = "<group>"; };
/* End PBXFileReference section */

/* Begin PBXFrameworksBuildPhase section */
		67ACCC2E290E75F200747A24 /* Frameworks */ = {
			isa = PBXFrameworksBuildPhase;
			buildActionMask = 2147483647;
			files = (
			);
			runOnlyForDeploymentPostprocessing = 0;
		};
/* End PBXFrameworksBuildPhase section */

/* Begin PBXGroup section */
		67ACCC28290E75F200747A24 = {
			isa = PBXGroup;
			children = (
				67D7496129727F1B0010E44E /* B4卒論 */,
				67ACCC33290E75F200747A24 /* Mable */,
				67ACCC32290E75F200747A24 /* Products */,
			);
			sourceTree = "<group>";
		};
		67ACCC32290E75F200747A24 /* Products */ = {
			isa = PBXGroup;
			children = (
				67ACCC31290E75F200747A24 /* Mable */,
			);
			name = Products;
			sourceTree = "<group>";
		};
		67ACCC33290E75F200747A24 /* Mable */ = {
			isa = PBXGroup;
			children = (
				67ACCC34290E75F200747A24 /* main.cpp */,
				670DB31D29AB95960082CD3A /* vtk.cpp */,
				670DB31E29AB95960082CD3A /* vtk.hpp */,
				670DB32029AB95F00082CD3A /* Array3d.cpp */,
				670DB32129AB95F00082CD3A /* Array3d.hpp */,
				670DB32F29AB9D730082CD3A /* Flip.cpp */,
				670DB33029AB9D730082CD3A /* Flip.hpp */,
				670DB32929AB9B2C0082CD3A /* watersurface.cpp */,
				670DB32A29AB9B2C0082CD3A /* watersurface.hpp */,
				670DB32C29AB9C870082CD3A /* Fluid.cpp */,
				670DB32D29AB9C870082CD3A /* Fluid.hpp */,
				670DB32329AB97750082CD3A /* particle.cpp */,
				670DB32429AB97750082CD3A /* particle.hpp */,
				670DB32629AB98230082CD3A /* functions.cpp */,
				670DB32729AB98230082CD3A /* functions.hpp */,
				67C35CBD294E06B5006B57ED /* Hasher.h */,
				672704ED29C19D6400917E77 /* marching_cubes.hpp */,
			);
			path = Mable;
			sourceTree = "<group>";
		};
		67D7496129727F1B0010E44E /* B4卒論 */ = {
			isa = PBXGroup;
			children = (
				67D7496229727F1B0010E44E /* Bthesis_main.log */,
				67D7496329727F1B0010E44E /* Bthesis_main.aux */,
				67D7496429727F1B0010E44E /* Bthesis_main.pdf */,
				67D7496529727F1B0010E44E /* Bthesis_main.synctex.gz */,
				67D7496829727F1B0010E44E /* Bthesis_main.tex */,
				67D7496929727F1B0010E44E /* Bthesis_main.toc */,
			);
			path = "B4卒論";
			sourceTree = SOURCE_ROOT;
		};
/* End PBXGroup section */

/* Begin PBXNativeTarget section */
		67ACCC30290E75F200747A24 /* Mable */ = {
			isa = PBXNativeTarget;
			buildConfigurationList = 67ACCC38290E75F200747A24 /* Build configuration list for PBXNativeTarget "Mable" */;
			buildPhases = (
				67ACCC2D290E75F200747A24 /* Sources */,
				67ACCC2E290E75F200747A24 /* Frameworks */,
				67ACCC2F290E75F200747A24 /* CopyFiles */,
			);
			buildRules = (
			);
			dependencies = (
			);
			name = Mable;
			productName = Mable;
			productReference = 67ACCC31290E75F200747A24 /* Mable */;
			productType = "com.apple.product-type.tool";
		};
/* End PBXNativeTarget section */

/* Begin PBXProject section */
		67ACCC29290E75F200747A24 /* Project object */ = {
			isa = PBXProject;
			attributes = {
				BuildIndependentTargetsInParallel = 1;
				LastUpgradeCheck = 1340;
				TargetAttributes = {
					67ACCC30290E75F200747A24 = {
						CreatedOnToolsVersion = 13.4.1;
					};
				};
			};
			buildConfigurationList = 67ACCC2C290E75F200747A24 /* Build configuration list for PBXProject "Mable" */;
			compatibilityVersion = "Xcode 13.0";
			developmentRegion = en;
			hasScannedForEncodings = 0;
			knownRegions = (
				en,
				Base,
			);
			mainGroup = 67ACCC28290E75F200747A24;
			productRefGroup = 67ACCC32290E75F200747A24 /* Products */;
			projectDirPath = "";
			projectRoot = "";
			targets = (
				67ACCC30290E75F200747A24 /* Mable */,
			);
		};
/* End PBXProject section */

/* Begin PBXSourcesBuildPhase section */
		67ACCC2D290E75F200747A24 /* Sources */ = {
			isa = PBXSourcesBuildPhase;
			buildActionMask = 2147483647;
			files = (
				670DB32229AB95F00082CD3A /* Array3d.cpp in Sources */,
				670DB32B29AB9B2C0082CD3A /* watersurface.cpp in Sources */,
				670DB32529AB97750082CD3A /* particle.cpp in Sources */,
				670DB32829AB98230082CD3A /* functions.cpp in Sources */,
				670DB33129AB9D740082CD3A /* Flip.cpp in Sources */,
				670DB32E29AB9C870082CD3A /* Fluid.cpp in Sources */,
				67ACCC35290E75F200747A24 /* main.cpp in Sources */,
				670DB31F29AB95960082CD3A /* vtk.cpp in Sources */,
			);
			runOnlyForDeploymentPostprocessing = 0;
		};
/* End PBXSourcesBuildPhase section */

/* Begin XCBuildConfiguration section */
		67ACCC36290E75F200747A24 /* Debug */ = {
			isa = XCBuildConfiguration;
			buildSettings = {
				ALWAYS_SEARCH_USER_PATHS = NO;
				CLANG_ANALYZER_NONNULL = YES;
				CLANG_ANALYZER_NUMBER_OBJECT_CONVERSION = YES_AGGRESSIVE;
				CLANG_CXX_LANGUAGE_STANDARD = "gnu++20";
				CLANG_ENABLE_MODULES = YES;
				CLANG_ENABLE_OBJC_ARC = YES;
				CLANG_ENABLE_OBJC_WEAK = YES;
				CLANG_WARN_BLOCK_CAPTURE_AUTORELEASING = YES;
				CLANG_WARN_BOOL_CONVERSION = YES;
				CLANG_WARN_COMMA = YES;
				CLANG_WARN_CONSTANT_CONVERSION = YES;
				CLANG_WARN_DEPRECATED_OBJC_IMPLEMENTATIONS = YES;
				CLANG_WARN_DIRECT_OBJC_ISA_USAGE = YES_ERROR;
				CLANG_WARN_DOCUMENTATION_COMMENTS = YES;
				CLANG_WARN_EMPTY_BODY = YES;
				CLANG_WARN_ENUM_CONVERSION = YES;
				CLANG_WARN_INFINITE_RECURSION = YES;
				CLANG_WARN_INT_CONVERSION = YES;
				CLANG_WARN_NON_LITERAL_NULL_CONVERSION = YES;
				CLANG_WARN_OBJC_IMPLICIT_RETAIN_SELF = YES;
				CLANG_WARN_OBJC_LITERAL_CONVERSION = YES;
				CLANG_WARN_OBJC_ROOT_CLASS = YES_ERROR;
				CLANG_WARN_QUOTED_INCLUDE_IN_FRAMEWORK_HEADER = YES;
				CLANG_WARN_RANGE_LOOP_ANALYSIS = YES;
				CLANG_WARN_STRICT_PROTOTYPES = YES;
				CLANG_WARN_SUSPICIOUS_MOVE = YES;
				CLANG_WARN_UNGUARDED_AVAILABILITY = YES_AGGRESSIVE;
				CLANG_WARN_UNREACHABLE_CODE = YES;
				CLANG_WARN__DUPLICATE_METHOD_MATCH = YES;
				COPY_PHASE_STRIP = NO;
				DEBUG_INFORMATION_FORMAT = dwarf;
				ENABLE_STRICT_OBJC_MSGSEND = YES;
				ENABLE_TESTABILITY = YES;
				GCC_C_LANGUAGE_STANDARD = gnu11;
				GCC_DYNAMIC_NO_PIC = NO;
				GCC_NO_COMMON_BLOCKS = YES;
				GCC_OPTIMIZATION_LEVEL = 3;
				GCC_PREPROCESSOR_DEFINITIONS = (
					"DEBUG=1",
					"$(inherited)",
				);
				GCC_WARN_64_TO_32_BIT_CONVERSION = YES;
				GCC_WARN_ABOUT_RETURN_TYPE = YES_ERROR;
				GCC_WARN_UNDECLARED_SELECTOR = YES;
				GCC_WARN_UNINITIALIZED_AUTOS = YES_AGGRESSIVE;
				GCC_WARN_UNUSED_FUNCTION = YES;
				GCC_WARN_UNUSED_VARIABLE = YES;
				HEADER_SEARCH_PATHS = (
					"\"$(SRCROOT)/../../library/eigen-3.4.0\"",
					"\"$(SRCROOT)/../../library/MyLib\"",
				);
				MACOSX_DEPLOYMENT_TARGET = 12.3;
				MTL_ENABLE_DEBUG_INFO = INCLUDE_SOURCE;
				MTL_FAST_MATH = YES;
				ONLY_ACTIVE_ARCH = YES;
				SDKROOT = macosx;
			};
			name = Debug;
		};
		67ACCC37290E75F200747A24 /* Release */ = {
			isa = XCBuildConfiguration;
			buildSettings = {
				ALWAYS_SEARCH_USER_PATHS = NO;
				CLANG_ANALYZER_NONNULL = YES;
				CLANG_ANALYZER_NUMBER_OBJECT_CONVERSION = YES_AGGRESSIVE;
				CLANG_CXX_LANGUAGE_STANDARD = "gnu++20";
				CLANG_ENABLE_MODULES = YES;
				CLANG_ENABLE_OBJC_ARC = YES;
				CLANG_ENABLE_OBJC_WEAK = YES;
				CLANG_WARN_BLOCK_CAPTURE_AUTORELEASING = YES;
				CLANG_WARN_BOOL_CONVERSION = YES;
				CLANG_WARN_COMMA = YES;
				CLANG_WARN_CONSTANT_CONVERSION = YES;
				CLANG_WARN_DEPRECATED_OBJC_IMPLEMENTATIONS = YES;
				CLANG_WARN_DIRECT_OBJC_ISA_USAGE = YES_ERROR;
				CLANG_WARN_DOCUMENTATION_COMMENTS = YES;
				CLANG_WARN_EMPTY_BODY = YES;
				CLANG_WARN_ENUM_CONVERSION = YES;
				CLANG_WARN_INFINITE_RECURSION = YES;
				CLANG_WARN_INT_CONVERSION = YES;
				CLANG_WARN_NON_LITERAL_NULL_CONVERSION = YES;
				CLANG_WARN_OBJC_IMPLICIT_RETAIN_SELF = YES;
				CLANG_WARN_OBJC_LITERAL_CONVERSION = YES;
				CLANG_WARN_OBJC_ROOT_CLASS = YES_ERROR;
				CLANG_WARN_QUOTED_INCLUDE_IN_FRAMEWORK_HEADER = YES;
				CLANG_WARN_RANGE_LOOP_ANALYSIS = YES;
				CLANG_WARN_STRICT_PROTOTYPES = YES;
				CLANG_WARN_SUSPICIOUS_MOVE = YES;
				CLANG_WARN_UNGUARDED_AVAILABILITY = YES_AGGRESSIVE;
				CLANG_WARN_UNREACHABLE_CODE = YES;
				CLANG_WARN__DUPLICATE_METHOD_MATCH = YES;
				COPY_PHASE_STRIP = NO;
				DEBUG_INFORMATION_FORMAT = "dwarf-with-dsym";
				ENABLE_NS_ASSERTIONS = NO;
				ENABLE_STRICT_OBJC_MSGSEND = YES;
				GCC_C_LANGUAGE_STANDARD = gnu11;
				GCC_NO_COMMON_BLOCKS = YES;
				GCC_WARN_64_TO_32_BIT_CONVERSION = YES;
				GCC_WARN_ABOUT_RETURN_TYPE = YES_ERROR;
				GCC_WARN_UNDECLARED_SELECTOR = YES;
				GCC_WARN_UNINITIALIZED_AUTOS = YES_AGGRESSIVE;
				GCC_WARN_UNUSED_FUNCTION = YES;
				GCC_WARN_UNUSED_VARIABLE = YES;
				HEADER_SEARCH_PATHS = (
					"\"$(SRCROOT)/../../library/eigen-3.4.0\"",
					"\"$(SRCROOT)/../../library/MyLib\"",
				);
				MACOSX_DEPLOYMENT_TARGET = 12.3;
				MTL_ENABLE_DEBUG_INFO = NO;
				MTL_FAST_MATH = YES;
				SDKROOT = macosx;
			};
			name = Release;
		};
		67ACCC39290E75F200747A24 /* Debug */ = {
			isa = XCBuildConfiguration;
			buildSettings = {
				CODE_SIGN_STYLE = Automatic;
				DEVELOPMENT_TEAM = UHN7NN92K6;
				ENABLE_HARDENED_RUNTIME = YES;
				PRODUCT_NAME = "$(TARGET_NAME)";
			};
			name = Debug;
		};
		67ACCC3A290E75F200747A24 /* Release */ = {
			isa = XCBuildConfiguration;
			buildSettings = {
				CODE_SIGN_STYLE = Automatic;
				DEVELOPMENT_TEAM = UHN7NN92K6;
				ENABLE_HARDENED_RUNTIME = YES;
				PRODUCT_NAME = "$(TARGET_NAME)";
			};
			name = Release;
		};
/* End XCBuildConfiguration section */

/* Begin XCConfigurationList section */
		67ACCC2C290E75F200747A24 /* Build configuration list for PBXProject "Mable" */ = {
			isa = XCConfigurationList;
			buildConfigurations = (
				67ACCC36290E75F200747A24 /* Debug */,
				67ACCC37290E75F200747A24 /* Release */,
			);
			defaultConfigurationIsVisible = 0;
			defaultConfigurationName = Release;
		};
		67ACCC38290E75F200747A24 /* Build configuration list for PBXNativeTarget "Mable" */ = {
			isa = XCConfigurationList;
			buildConfigurations = (
				67ACCC39290E75F200747A24 /* Debug */,
				67ACCC3A290E75F200747A24 /* Release */,
			);
			defaultConfigurationIsVisible = 0;
			defaultConfigurationName = Release;
		};
/* End XCConfigurationList section */
	};
	rootObject = 67ACCC29290E75F200747A24 /* Project object */;
}
